
Microsoft Visual Studio Solution File, Format Version 12.00
# Visual Studio Version 17
VisualStudioVersion = 17.8.34330.188
MinimumVisualStudioVersion = 10.0.40219.1
Project("{FAE04EC0-301F-11D3-BF4B-00C04F79EFBC}") = "Server", "Server\Server.csproj", "{F5E77FFE-4151-493B-ADB4-9DDA1CE9CBC6}"
EndProject
Project("{FAE04EC0-301F-11D3-BF4B-00C04F79EFBC}") = "Client", "Client\Client.csproj", "{4DF31C73-88CB-4794-A10E-3B8EFD589874}"
EndProject
Project("{FAE04EC0-301F-11D3-BF4B-00C04F79EFBC}") = "BaseLibrary", "BaseLibrary\BaseLibrary.csproj", "{7EB9C2BE-E784-48E5-BCE9-6DE17F71A0D5}"
EndProject
Project("{FAE04EC0-301F-11D3-BF4B-00C04F79EFBC}") = "ClientLibrary", "ClientLibrary\ClientLibrary.csproj", "{748A604A-3567-4225-AF43-CD0CD0506F41}"
EndProject
Project("{FAE04EC0-301F-11D3-BF4B-00C04F79EFBC}") = "ServerLibrary", "ServerLibrary\ServerLibrary.csproj", "{07910BD4-F5CD-4A80-9789-546CA43F0493}"
EndProject
Global
	GlobalSection(SolutionConfigurationPlatforms) = preSolution
		Debug|Any CPU = Debug|Any CPU
		Release|Any CPU = Release|Any CPU
	EndGlobalSection
	GlobalSection(ProjectConfigurationPlatforms) = postSolution
		{F5E77FFE-4151-493B-ADB4-9DDA1CE9CBC6}.Debug|Any CPU.ActiveCfg = Debug|Any CPU
		{F5E77FFE-4151-493B-ADB4-9DDA1CE9CBC6}.Debug|Any CPU.Build.0 = Debug|Any CPU
		{F5E77FFE-4151-493B-ADB4-9DDA1CE9CBC6}.Release|Any CPU.ActiveCfg = Release|Any CPU
		{F5E77FFE-4151-493B-ADB4-9DDA1CE9CBC6}.Release|Any CPU.Build.0 = Release|Any CPU
		{4DF31C73-88CB-4794-A10E-3B8EFD589874}.Debug|Any CPU.ActiveCfg = Debug|Any CPU
		{4DF31C73-88CB-4794-A10E-3B8EFD589874}.Debug|Any CPU.Build.0 = Debug|Any CPU
		{4DF31C73-88CB-4794-A10E-3B8EFD589874}.Release|Any CPU.ActiveCfg = Release|Any CPU
		{4DF31C73-88CB-4794-A10E-3B8EFD589874}.Release|Any CPU.Build.0 = Release|Any CPU
		{7EB9C2BE-E784-48E5-BCE9-6DE17F71A0D5}.Debug|Any CPU.ActiveCfg = Debug|Any CPU
		{7EB9C2BE-E784-48E5-BCE9-6DE17F71A0D5}.Debug|Any CPU.Build.0 = Debug|Any CPU
		{7EB9C2BE-E784-48E5-BCE9-6DE17F71A0D5}.Release|Any CPU.ActiveCfg = Release|Any CPU
		{7EB9C2BE-E784-48E5-BCE9-6DE17F71A0D5}.Release|Any CPU.Build.0 = Release|Any CPU
		{748A604A-3567-4225-AF43-CD0CD0506F41}.Debug|Any CPU.ActiveCfg = Debug|Any CPU
		{748A604A-3567-4225-AF43-CD0CD0506F41}.Debug|Any CPU.Build.0 = Debug|Any CPU
		{748A604A-3567-4225-AF43-CD0CD0506F41}.Release|Any CPU.ActiveCfg = Release|Any CPU
		{748A604A-3567-4225-AF43-CD0CD0506F41}.Release|Any CPU.Build.0 = Release|Any CPU
		{07910BD4-F5CD-4A80-9789-546CA43F0493}.Debug|Any CPU.ActiveCfg = Debug|Any CPU
		{07910BD4-F5CD-4A80-9789-546CA43F0493}.Debug|Any CPU.Build.0 = Debug|Any CPU
		{07910BD4-F5CD-4A80-9789-546CA43F0493}.Release|Any CPU.ActiveCfg = Release|Any CPU
		{07910BD4-F5CD-4A80-9789-546CA43F0493}.Release|Any CPU.Build.0 = Release|Any CPU
	EndGlobalSection
	GlobalSection(SolutionProperties) = preSolution
		HideSolutionNode = FALSE
	EndGlobalSection
	GlobalSection(ExtensibilityGlobals) = postSolution
		SolutionGuid = {D028DDE3-2274-4CD8-82CA-28555E46627D}
	EndGlobalSection
EndGlobal
